
Microsoft Visual Studio Solution File, Format Version 12.00
# Visual Studio Version 17
VisualStudioVersion = 17.0.31919.166
MinimumVisualStudioVersion = 10.0.40219.1
Project("{FAE04EC0-301F-11D3-BF4B-00C04F79EFBC}") = "Fonksiyonlar_Egitim", "Fonksiyonlar_Egitim\Fonksiyonlar_Egitim.csproj", "{6022CFA0-3BB9-48F5-AD2B-FD3BF9F55ED6}"
EndProject
Global
	GlobalSection(SolutionConfigurationPlatforms) = preSolution
		Debug|Any CPU = Debug|Any CPU
		Release|Any CPU = Release|Any CPU
	EndGlobalSection
	GlobalSection(ProjectConfigurationPlatforms) = postSolution
		{6022CFA0-3BB9-48F5-AD2B-FD3BF9F55ED6}.Debug|Any CPU.ActiveCfg = Debug|Any CPU
		{6022CFA0-3BB9-48F5-AD2B-FD3BF9F55ED6}.Debug|Any CPU.Build.0 = Debug|Any CPU
		{6022CFA0-3BB9-48F5-AD2B-FD3BF9F55ED6}.Release|Any CPU.ActiveCfg = Release|Any CPU
		{6022CFA0-3BB9-48F5-AD2B-FD3BF9F55ED6}.Release|Any CPU.Build.0 = Release|Any CPU
	EndGlobalSection
	GlobalSection(SolutionProperties) = preSolution
		HideSolutionNode = FALSE
	EndGlobalSection
	GlobalSection(ExtensibilityGlobals) = postSolution
		SolutionGuid = {1EB17ED0-AE90-427E-8FD4-C6D5D3E7B5DF}
	EndGlobalSection
EndGlobal
