
Microsoft Visual Studio Solution File, Format Version 12.00
# Visual Studio Version 17
VisualStudioVersion = 17.0.31919.166
MinimumVisualStudioVersion = 10.0.40219.1
Project("{FAE04EC0-301F-11D3-BF4B-00C04F79EFBC}") = "ConsoleApp1", "ConsoleApp1\ConsoleApp1.csproj", "{3E719A67-AB72-4EE2-9D02-DB58BB4C82CE}"
EndProject
Global
	GlobalSection(SolutionConfigurationPlatforms) = preSolution
		Debug|Any CPU = Debug|Any CPU
		Release|Any CPU = Release|Any CPU
	EndGlobalSection
	GlobalSection(ProjectConfigurationPlatforms) = postSolution
		{3E719A67-AB72-4EE2-9D02-DB58BB4C82CE}.Debug|Any CPU.ActiveCfg = Debug|Any CPU
		{3E719A67-AB72-4EE2-9D02-DB58BB4C82CE}.Debug|Any CPU.Build.0 = Debug|Any CPU
		{3E719A67-AB72-4EE2-9D02-DB58BB4C82CE}.Release|Any CPU.ActiveCfg = Release|Any CPU
		{3E719A67-AB72-4EE2-9D02-DB58BB4C82CE}.Release|Any CPU.Build.0 = Release|Any CPU
	EndGlobalSection
	GlobalSection(SolutionProperties) = preSolution
		HideSolutionNode = FALSE
	EndGlobalSection
	GlobalSection(ExtensibilityGlobals) = postSolution
		SolutionGuid = {3D63ADC5-D905-47DB-BA67-7B53EDBEC6B3}
	EndGlobalSection
EndGlobal
