
Microsoft Visual Studio Solution File, Format Version 12.00
# Visual Studio Version 17
VisualStudioVersion = 17.0.31919.166
MinimumVisualStudioVersion = 10.0.40219.1
Project("{FAE04EC0-301F-11D3-BF4B-00C04F79EFBC}") = "OOP", "OOP\OOP.csproj", "{33AB2CA0-BD72-4C3F-81B2-DDAC3FD743D7}"
EndProject
Global
	GlobalSection(SolutionConfigurationPlatforms) = preSolution
		Debug|Any CPU = Debug|Any CPU
		Release|Any CPU = Release|Any CPU
	EndGlobalSection
	GlobalSection(ProjectConfigurationPlatforms) = postSolution
		{33AB2CA0-BD72-4C3F-81B2-DDAC3FD743D7}.Debug|Any CPU.ActiveCfg = Debug|Any CPU
		{33AB2CA0-BD72-4C3F-81B2-DDAC3FD743D7}.Debug|Any CPU.Build.0 = Debug|Any CPU
		{33AB2CA0-BD72-4C3F-81B2-DDAC3FD743D7}.Release|Any CPU.ActiveCfg = Release|Any CPU
		{33AB2CA0-BD72-4C3F-81B2-DDAC3FD743D7}.Release|Any CPU.Build.0 = Release|Any CPU
	EndGlobalSection
	GlobalSection(SolutionProperties) = preSolution
		HideSolutionNode = FALSE
	EndGlobalSection
	GlobalSection(ExtensibilityGlobals) = postSolution
		SolutionGuid = {E1A24ECE-CA31-42EC-9C62-ED2899331730}
	EndGlobalSection
EndGlobal
